
Microsoft Visual Studio Solution File, Format Version 12.00
# Visual Studio Version 17
VisualStudioVersion = 17.6.33815.320
MinimumVisualStudioVersion = 10.0.40219.1
Project("{FAE04EC0-301F-11D3-BF4B-00C04F79EFBC}") = "FactoryServerAPI", "FactoryServerAPI.csproj", "{5AADB304-EC7B-43DB-A9A8-8249C1E4EEC6}"
EndProject
Global
	GlobalSection(SolutionConfigurationPlatforms) = preSolution
		Debug|Any CPU = Debug|Any CPU
		Release|Any CPU = Release|Any CPU
	EndGlobalSection
	GlobalSection(ProjectConfigurationPlatforms) = postSolution
		{5AADB304-EC7B-43DB-A9A8-8249C1E4EEC6}.Debug|Any CPU.ActiveCfg = Debug|Any CPU
		{5AADB304-EC7B-43DB-A9A8-8249C1E4EEC6}.Debug|Any CPU.Build.0 = Debug|Any CPU
		{5AADB304-EC7B-43DB-A9A8-8249C1E4EEC6}.Release|Any CPU.ActiveCfg = Release|Any CPU
		{5AADB304-EC7B-43DB-A9A8-8249C1E4EEC6}.Release|Any CPU.Build.0 = Release|Any CPU
	EndGlobalSection
	GlobalSection(SolutionProperties) = preSolution
		HideSolutionNode = FALSE
	EndGlobalSection
	GlobalSection(ExtensibilityGlobals) = postSolution
		SolutionGuid = {64F83140-2101-4957-8E6F-BCF95722C947}
	EndGlobalSection
EndGlobal
